// !$*UTF8*$!
{
	archiveVersion = 1;
	classes = {
	};
	objectVersion = 50;
	objects = {

/* Begin PBXBuildFile section */
		26974255840382369B7E031E /* libPods-ZMNetworkHelper.a in Frameworks */ = {isa = PBXBuildFile; fileRef = AFA2AAD1F78248BF968CCB2B /* libPods-ZMNetworkHelper.a */; };
		8544933E22BCCC4B00008299 /* HHHViewController.swift in Sources */ = {isa = PBXBuildFile; fileRef = 8544933D22BCCC4B00008299 /* HHHViewController.swift */; };
		8555587022B87DE900A24DDD /* AppDelegate.m in Sources */ = {isa = PBXBuildFile; fileRef = 8555586F22B87DE900A24DDD /* AppDelegate.m */; };
		8555587322B87DE900A24DDD /* ViewController.m in Sources */ = {isa = PBXBuildFile; fileRef = 8555587222B87DE900A24DDD /* ViewController.m */; };
		8555587622B87DE900A24DDD /* Main.storyboard in Resources */ = {isa = PBXBuildFile; fileRef = 8555587422B87DE900A24DDD /* Main.storyboard */; };
		8555587822B87DEF00A24DDD /* Assets.xcassets in Resources */ = {isa = PBXBuildFile; fileRef = 8555587722B87DEF00A24DDD /* Assets.xcassets */; };
		8555587B22B87DEF00A24DDD /* LaunchScreen.storyboard in Resources */ = {isa = PBXBuildFile; fileRef = 8555587922B87DEF00A24DDD /* LaunchScreen.storyboard */; };
		8555587E22B87DEF00A24DDD /* main.m in Sources */ = {isa = PBXBuildFile; fileRef = 8555587D22B87DEF00A24DDD /* main.m */; };
		8555588722B8813E00A24DDD /* ZMNetworkHelper.m in Sources */ = {isa = PBXBuildFile; fileRef = 8555588622B8813E00A24DDD /* ZMNetworkHelper.m */; };
/* End PBXBuildFile section */

/* Begin PBXFileReference section */
		4EBA7E68DE7AFCB154A1A7F2 /* Pods-ZMNetworkHelper.release.xcconfig */ = {isa = PBXFileReference; includeInIndex = 1; lastKnownFileType = text.xcconfig; name = "Pods-ZMNetworkHelper.release.xcconfig"; path = "Target Support Files/Pods-ZMNetworkHelper/Pods-ZMNetworkHelper.release.xcconfig"; sourceTree = "<group>"; };
		8544933C22BCCC4A00008299 /* ZMNetworkHelper-Bridging-Header.h */ = {isa = PBXFileReference; lastKnownFileType = sourcecode.c.h; path = "ZMNetworkHelper-Bridging-Header.h"; sourceTree = "<group>"; };
		8544933D22BCCC4B00008299 /* HHHViewController.swift */ = {isa = PBXFileReference; lastKnownFileType = sourcecode.swift; path = HHHViewController.swift; sourceTree = "<group>"; };
		8555586B22B87DE900A24DDD /* ZMNetworkHelper.app */ = {isa = PBXFileReference; explicitFileType = wrapper.application; includeInIndex = 0; path = ZMNetworkHelper.app; sourceTree = BUILT_PRODUCTS_DIR; };
		8555586E22B87DE900A24DDD /* AppDelegate.h */ = {isa = PBXFileReference; lastKnownFileType = sourcecode.c.h; path = AppDelegate.h; sourceTree = "<group>"; };
		8555586F22B87DE900A24DDD /* AppDelegate.m */ = {isa = PBXFileReference; lastKnownFileType = sourcecode.c.objc; path = AppDelegate.m; sourceTree = "<group>"; };
		8555587122B87DE900A24DDD /* ViewController.h */ = {isa = PBXFileReference; lastKnownFileType = sourcecode.c.h; path = ViewController.h; sourceTree = "<group>"; };
		8555587222B87DE900A24DDD /* ViewController.m */ = {isa = PBXFileReference; lastKnownFileType = sourcecode.c.objc; path = ViewController.m; sourceTree = "<group>"; };
		8555587522B87DE900A24DDD /* Base */ = {isa = PBXFileReference; lastKnownFileType = file.storyboard; name = Base; path = Base.lproj/Main.storyboard; sourceTree = "<group>"; };
		8555587722B87DEF00A24DDD /* Assets.xcassets */ = {isa = PBXFileReference; lastKnownFileType = folder.assetcatalog; path = Assets.xcassets; sourceTree = "<group>"; };
		8555587A22B87DEF00A24DDD /* Base */ = {isa = PBXFileReference; lastKnownFileType = file.storyboard; name = Base; path = Base.lproj/LaunchScreen.storyboard; sourceTree = "<group>"; };
		8555587C22B87DEF00A24DDD /* Info.plist */ = {isa = PBXFileReference; lastKnownFileType = text.plist.xml; path = Info.plist; sourceTree = "<group>"; };
		8555587D22B87DEF00A24DDD /* main.m */ = {isa = PBXFileReference; lastKnownFileType = sourcecode.c.objc; path = main.m; sourceTree = "<group>"; };
		8555588522B8813D00A24DDD /* ZMNetworkHelper.h */ = {isa = PBXFileReference; fileEncoding = 4; lastKnownFileType = sourcecode.c.h; path = ZMNetworkHelper.h; sourceTree = "<group>"; };
		8555588622B8813E00A24DDD /* ZMNetworkHelper.m */ = {isa = PBXFileReference; fileEncoding = 4; lastKnownFileType = sourcecode.c.objc; path = ZMNetworkHelper.m; sourceTree = "<group>"; };
		AFA2AAD1F78248BF968CCB2B /* libPods-ZMNetworkHelper.a */ = {isa = PBXFileReference; explicitFileType = archive.ar; includeInIndex = 0; path = "libPods-ZMNetworkHelper.a"; sourceTree = BUILT_PRODUCTS_DIR; };
		EA16D3B8C0B4254E39F9CE04 /* Pods-ZMNetworkHelper.debug.xcconfig */ = {isa = PBXFileReference; includeInIndex = 1; lastKnownFileType = text.xcconfig; name = "Pods-ZMNetworkHelper.debug.xcconfig"; path = "Target Support Files/Pods-ZMNetworkHelper/Pods-ZMNetworkHelper.debug.xcconfig"; sourceTree = "<group>"; };
/* End PBXFileReference section */

/* Begin PBXFrameworksBuildPhase section */
		8555586822B87DE900A24DDD /* Frameworks */ = {
			isa = PBXFrameworksBuildPhase;
			buildActionMask = 2147483647;
			files = (
				26974255840382369B7E031E /* libPods-ZMNetworkHelper.a in Frameworks */,
			);
			runOnlyForDeploymentPostprocessing = 0;
		};
/* End PBXFrameworksBuildPhase section */

/* Begin PBXGroup section */
		01382E68AD71E356BAFF92C3 /* Frameworks */ = {
			isa = PBXGroup;
			children = (
				AFA2AAD1F78248BF968CCB2B /* libPods-ZMNetworkHelper.a */,
			);
			name = Frameworks;
			sourceTree = "<group>";
		};
		8555586222B87DE900A24DDD = {
			isa = PBXGroup;
			children = (
				8555586D22B87DE900A24DDD /* ZMNetworkHelper */,
				8555586C22B87DE900A24DDD /* Products */,
				D64608898D199FC1AAF21BA7 /* Pods */,
				01382E68AD71E356BAFF92C3 /* Frameworks */,
			);
			sourceTree = "<group>";
		};
		8555586C22B87DE900A24DDD /* Products */ = {
			isa = PBXGroup;
			children = (
				8555586B22B87DE900A24DDD /* ZMNetworkHelper.app */,
			);
			name = Products;
			sourceTree = "<group>";
		};
		8555586D22B87DE900A24DDD /* ZMNetworkHelper */ = {
			isa = PBXGroup;
			children = (
				8555588422B8813500A24DDD /* Tool */,
				8555586E22B87DE900A24DDD /* AppDelegate.h */,
				8555586F22B87DE900A24DDD /* AppDelegate.m */,
				8555587122B87DE900A24DDD /* ViewController.h */,
				8555587222B87DE900A24DDD /* ViewController.m */,
				8555587422B87DE900A24DDD /* Main.storyboard */,
				8555587722B87DEF00A24DDD /* Assets.xcassets */,
				8555587922B87DEF00A24DDD /* LaunchScreen.storyboard */,
				8555587C22B87DEF00A24DDD /* Info.plist */,
				8555587D22B87DEF00A24DDD /* main.m */,
				8544933D22BCCC4B00008299 /* HHHViewController.swift */,
				8544933C22BCCC4A00008299 /* ZMNetworkHelper-Bridging-Header.h */,
			);
			path = ZMNetworkHelper;
			sourceTree = "<group>";
		};
		8555588422B8813500A24DDD /* Tool */ = {
			isa = PBXGroup;
			children = (
				8555588522B8813D00A24DDD /* ZMNetworkHelper.h */,
				8555588622B8813E00A24DDD /* ZMNetworkHelper.m */,
			);
			path = Tool;
			sourceTree = "<group>";
		};
		D64608898D199FC1AAF21BA7 /* Pods */ = {
			isa = PBXGroup;
			children = (
				EA16D3B8C0B4254E39F9CE04 /* Pods-ZMNetworkHelper.debug.xcconfig */,
				4EBA7E68DE7AFCB154A1A7F2 /* Pods-ZMNetworkHelper.release.xcconfig */,
			);
			path = Pods;
			sourceTree = "<group>";
		};
/* End PBXGroup section */

/* Begin PBXNativeTarget section */
		8555586A22B87DE900A24DDD /* ZMNetworkHelper */ = {
			isa = PBXNativeTarget;
			buildConfigurationList = 8555588122B87DEF00A24DDD /* Build configuration list for PBXNativeTarget "ZMNetworkHelper" */;
			buildPhases = (
				AA912B199A6515D03D29E075 /* [CP] Check Pods Manifest.lock */,
				8555586722B87DE900A24DDD /* Sources */,
				8555586822B87DE900A24DDD /* Frameworks */,
				8555586922B87DE900A24DDD /* Resources */,
				C6732C9B5EE564B36436025F /* [CP] Copy Pods Resources */,
			);
			buildRules = (
			);
			dependencies = (
			);
			name = ZMNetworkHelper;
			productName = ZMNetworkHelper;
			productReference = 8555586B22B87DE900A24DDD /* ZMNetworkHelper.app */;
			productType = "com.apple.product-type.application";
		};
/* End PBXNativeTarget section */

/* Begin PBXProject section */
		8555586322B87DE900A24DDD /* Project object */ = {
			isa = PBXProject;
			attributes = {
				LastUpgradeCheck = 1020;
				ORGANIZATIONNAME = "Henan XinKangqiao";
				TargetAttributes = {
					8555586A22B87DE900A24DDD = {
						CreatedOnToolsVersion = 10.2.1;
						LastSwiftMigration = 1020;
					};
				};
			};
			buildConfigurationList = 8555586622B87DE900A24DDD /* Build configuration list for PBXProject "ZMNetworkHelper" */;
			compatibilityVersion = "Xcode 9.3";
			developmentRegion = en;
			hasScannedForEncodings = 0;
			knownRegions = (
				en,
				Base,
			);
			mainGroup = 8555586222B87DE900A24DDD;
			productRefGroup = 8555586C22B87DE900A24DDD /* Products */;
			projectDirPath = "";
			projectRoot = "";
			targets = (
				8555586A22B87DE900A24DDD /* ZMNetworkHelper */,
			);
		};
/* End PBXProject section */

/* Begin PBXResourcesBuildPhase section */
		8555586922B87DE900A24DDD /* Resources */ = {
			isa = PBXResourcesBuildPhase;
			buildActionMask = 2147483647;
			files = (
				8555587B22B87DEF00A24DDD /* LaunchScreen.storyboard in Resources */,
				8555587822B87DEF00A24DDD /* Assets.xcassets in Resources */,
				8555587622B87DE900A24DDD /* Main.storyboard in Resources */,
			);
			runOnlyForDeploymentPostprocessing = 0;
		};
/* End PBXResourcesBuildPhase section */

/* Begin PBXShellScriptBuildPhase section */
		AA912B199A6515D03D29E075 /* [CP] Check Pods Manifest.lock */ = {
			isa = PBXShellScriptBuildPhase;
			buildActionMask = 2147483647;
			files = (
			);
			inputFileListPaths = (
			);
			inputPaths = (
				"${PODS_PODFILE_DIR_PATH}/Podfile.lock",
				"${PODS_ROOT}/Manifest.lock",
			);
			name = "[CP] Check Pods Manifest.lock";
			outputFileListPaths = (
			);
			outputPaths = (
				"$(DERIVED_FILE_DIR)/Pods-ZMNetworkHelper-checkManifestLockResult.txt",
			);
			runOnlyForDeploymentPostprocessing = 0;
			shellPath = /bin/sh;
			shellScript = "diff \"${PODS_PODFILE_DIR_PATH}/Podfile.lock\" \"${PODS_ROOT}/Manifest.lock\" > /dev/null\nif [ $? != 0 ] ; then\n    # print error to STDERR\n    echo \"error: The sandbox is not in sync with the Podfile.lock. Run 'pod install' or update your CocoaPods installation.\" >&2\n    exit 1\nfi\n# This output is used by Xcode 'outputs' to avoid re-running this script phase.\necho \"SUCCESS\" > \"${SCRIPT_OUTPUT_FILE_0}\"\n";
			showEnvVarsInLog = 0;
		};
		C6732C9B5EE564B36436025F /* [CP] Copy Pods Resources */ = {
			isa = PBXShellScriptBuildPhase;
			buildActionMask = 2147483647;
			files = (
			);
			inputFileListPaths = (
			);
			inputPaths = (
				"${PODS_ROOT}/Target Support Files/Pods-ZMNetworkHelper/Pods-ZMNetworkHelper-resources.sh",
				"${PODS_ROOT}/MJRefresh/MJRefresh/MJRefresh.bundle",
			);
			name = "[CP] Copy Pods Resources";
			outputFileListPaths = (
			);
			outputPaths = (
				"${TARGET_BUILD_DIR}/${UNLOCALIZED_RESOURCES_FOLDER_PATH}/MJRefresh.bundle",
			);
			runOnlyForDeploymentPostprocessing = 0;
			shellPath = /bin/sh;
			shellScript = "\"${PODS_ROOT}/Target Support Files/Pods-ZMNetworkHelper/Pods-ZMNetworkHelper-resources.sh\"\n";
			showEnvVarsInLog = 0;
		};
/* End PBXShellScriptBuildPhase section */

/* Begin PBXSourcesBuildPhase section */
		8555586722B87DE900A24DDD /* Sources */ = {
			isa = PBXSourcesBuildPhase;
			buildActionMask = 2147483647;
			files = (
				8555587322B87DE900A24DDD /* ViewController.m in Sources */,
				8555588722B8813E00A24DDD /* ZMNetworkHelper.m in Sources */,
				8544933E22BCCC4B00008299 /* HHHViewController.swift in Sources */,
				8555587E22B87DEF00A24DDD /* main.m in Sources */,
				8555587022B87DE900A24DDD /* AppDelegate.m in Sources */,
			);
			runOnlyForDeploymentPostprocessing = 0;
		};
/* End PBXSourcesBuildPhase section */

/* Begin PBXVariantGroup section */
		8555587422B87DE900A24DDD /* Main.storyboard */ = {
			isa = PBXVariantGroup;
			children = (
				8555587522B87DE900A24DDD /* Base */,
			);
			name = Main.storyboard;
			sourceTree = "<group>";
		};
		8555587922B87DEF00A24DDD /* LaunchScreen.storyboard */ = {
			isa = PBXVariantGroup;
			children = (
				8555587A22B87DEF00A24DDD /* Base */,
			);
			name = LaunchScreen.storyboard;
			sourceTree = "<group>";
		};
/* End PBXVariantGroup section */

/* Begin XCBuildConfiguration section */
		8555587F22B87DEF00A24DDD /* Debug */ = {
			isa = XCBuildConfiguration;
			buildSettings = {
				ALWAYS_SEARCH_USER_PATHS = NO;
				CLANG_ANALYZER_NONNULL = YES;
				CLANG_ANALYZER_NUMBER_OBJECT_CONVERSION = YES_AGGRESSIVE;
				CLANG_CXX_LANGUAGE_STANDARD = "gnu++14";
				CLANG_CXX_LIBRARY = "libc++";
				CLANG_ENABLE_MODULES = YES;
				CLANG_ENABLE_OBJC_ARC = YES;
				CLANG_ENABLE_OBJC_WEAK = YES;
				CLANG_WARN_BLOCK_CAPTURE_AUTORELEASING = YES;
				CLANG_WARN_BOOL_CONVERSION = YES;
				CLANG_WARN_COMMA = YES;
				CLANG_WARN_CONSTANT_CONVERSION = YES;
				CLANG_WARN_DEPRECATED_OBJC_IMPLEMENTATIONS = YES;
				CLANG_WARN_DIRECT_OBJC_ISA_USAGE = YES_ERROR;
				CLANG_WARN_DOCUMENTATION_COMMENTS = YES;
				CLANG_WARN_EMPTY_BODY = YES;
				CLANG_WARN_ENUM_CONVERSION = YES;
				CLANG_WARN_INFINITE_RECURSION = YES;
				CLANG_WARN_INT_CONVERSION = YES;
				CLANG_WARN_NON_LITERAL_NULL_CONVERSION = YES;
				CLANG_WARN_OBJC_IMPLICIT_RETAIN_SELF = YES;
				CLANG_WARN_OBJC_LITERAL_CONVERSION = YES;
				CLANG_WARN_OBJC_ROOT_CLASS = YES_ERROR;
				CLANG_WARN_RANGE_LOOP_ANALYSIS = YES;
				CLANG_WARN_STRICT_PROTOTYPES = YES;
				CLANG_WARN_SUSPICIOUS_MOVE = YES;
				CLANG_WARN_UNGUARDED_AVAILABILITY = YES_AGGRESSIVE;
				CLANG_WARN_UNREACHABLE_CODE = YES;
				CLANG_WARN__DUPLICATE_METHOD_MATCH = YES;
				CODE_SIGN_IDENTITY = "iPhone Developer";
				COPY_PHASE_STRIP = NO;
				DEBUG_INFORMATION_FORMAT = dwarf;
				ENABLE_STRICT_OBJC_MSGSEND = YES;
				ENABLE_TESTABILITY = YES;
				GCC_C_LANGUAGE_STANDARD = gnu11;
				GCC_DYNAMIC_NO_PIC = NO;
				GCC_NO_COMMON_BLOCKS = YES;
				GCC_OPTIMIZATION_LEVEL = 0;
				GCC_PREPROCESSOR_DEFINITIONS = (
					"DEBUG=1",
					"$(inherited)",
				);
				GCC_WARN_64_TO_32_BIT_CONVERSION = YES;
				GCC_WARN_ABOUT_RETURN_TYPE = YES_ERROR;
				GCC_WARN_UNDECLARED_SELECTOR = YES;
				GCC_WARN_UNINITIALIZED_AUTOS = YES_AGGRESSIVE;
				GCC_WARN_UNUSED_FUNCTION = YES;
				GCC_WARN_UNUSED_VARIABLE = YES;
				IPHONEOS_DEPLOYMENT_TARGET = 12.2;
				MTL_ENABLE_DEBUG_INFO = INCLUDE_SOURCE;
				MTL_FAST_MATH = YES;
				ONLY_ACTIVE_ARCH = YES;
				SDKROOT = iphoneos;
			};
			name = Debug;
		};
		8555588022B87DEF00A24DDD /* Release */ = {
			isa = XCBuildConfiguration;
			buildSettings = {
				ALWAYS_SEARCH_USER_PATHS = NO;
				CLANG_ANALYZER_NONNULL = YES;
				CLANG_ANALYZER_NUMBER_OBJECT_CONVERSION = YES_AGGRESSIVE;
				CLANG_CXX_LANGUAGE_STANDARD = "gnu++14";
				CLANG_CXX_LIBRARY = "libc++";
				CLANG_ENABLE_MODULES = YES;
				CLANG_ENABLE_OBJC_ARC = YES;
				CLANG_ENABLE_OBJC_WEAK = YES;
				CLANG_WARN_BLOCK_CAPTURE_AUTORELEASING = YES;
				CLANG_WARN_BOOL_CONVERSION = YES;
				CLANG_WARN_COMMA = YES;
				CLANG_WARN_CONSTANT_CONVERSION = YES;
				CLANG_WARN_DEPRECATED_OBJC_IMPLEMENTATIONS = YES;
				CLANG_WARN_DIRECT_OBJC_ISA_USAGE = YES_ERROR;
				CLANG_WARN_DOCUMENTATION_COMMENTS = YES;
				CLANG_WARN_EMPTY_BODY = YES;
				CLANG_WARN_ENUM_CONVERSION = YES;
				CLANG_WARN_INFINITE_RECURSION = YES;
				CLANG_WARN_INT_CONVERSION = YES;
				CLANG_WARN_NON_LITERAL_NULL_CONVERSION = YES;
				CLANG_WARN_OBJC_IMPLICIT_RETAIN_SELF = YES;
				CLANG_WARN_OBJC_LITERAL_CONVERSION = YES;
				CLANG_WARN_OBJC_ROOT_CLASS = YES_ERROR;
				CLANG_WARN_RANGE_LOOP_ANALYSIS = YES;
				CLANG_WARN_STRICT_PROTOTYPES = YES;
				CLANG_WARN_SUSPICIOUS_MOVE = YES;
				CLANG_WARN_UNGUARDED_AVAILABILITY = YES_AGGRESSIVE;
				CLANG_WARN_UNREACHABLE_CODE = YES;
				CLANG_WARN__DUPLICATE_METHOD_MATCH = YES;
				CODE_SIGN_IDENTITY = "iPhone Developer";
				COPY_PHASE_STRIP = NO;
				DEBUG_INFORMATION_FORMAT = "dwarf-with-dsym";
				ENABLE_NS_ASSERTIONS = NO;
				ENABLE_STRICT_OBJC_MSGSEND = YES;
				GCC_C_LANGUAGE_STANDARD = gnu11;
				GCC_NO_COMMON_BLOCKS = YES;
				GCC_WARN_64_TO_32_BIT_CONVERSION = YES;
				GCC_WARN_ABOUT_RETURN_TYPE = YES_ERROR;
				GCC_WARN_UNDECLARED_SELECTOR = YES;
				GCC_WARN_UNINITIALIZED_AUTOS = YES_AGGRESSIVE;
				GCC_WARN_UNUSED_FUNCTION = YES;
				GCC_WARN_UNUSED_VARIABLE = YES;
				IPHONEOS_DEPLOYMENT_TARGET = 12.2;
				MTL_ENABLE_DEBUG_INFO = NO;
				MTL_FAST_MATH = YES;
				SDKROOT = iphoneos;
				VALIDATE_PRODUCT = YES;
			};
			name = Release;
		};
		8555588222B87DEF00A24DDD /* Debug */ = {
			isa = XCBuildConfiguration;
			baseConfigurationReference = EA16D3B8C0B4254E39F9CE04 /* Pods-ZMNetworkHelper.debug.xcconfig */;
			buildSettings = {
				ASSETCATALOG_COMPILER_APPICON_NAME = AppIcon;
				CLANG_ENABLE_MODULES = YES;
				CODE_SIGN_STYLE = Automatic;
				DEVELOPMENT_TEAM = 975BDH8M3G;
				INFOPLIST_FILE = ZMNetworkHelper/Info.plist;
				IPHONEOS_DEPLOYMENT_TARGET = 9.3;
				LD_RUNPATH_SEARCH_PATHS = (
					"$(inherited)",
					"@executable_path/Frameworks",
				);
				PRODUCT_BUNDLE_IDENTIFIER = "Henan-XinKangqiao.ZMNetworkHelper";
				PRODUCT_NAME = "$(TARGET_NAME)";
				SWIFT_OBJC_BRIDGING_HEADER = "ZMNetworkHelper/ZMNetworkHelper-Bridging-Header.h";
				SWIFT_OPTIMIZATION_LEVEL = "-Onone";
				SWIFT_VERSION = 5.0;
				TARGETED_DEVICE_FAMILY = "1,2";
			};
			name = Debug;
		};
		8555588322B87DEF00A24DDD /* Release */ = {
			isa = XCBuildConfiguration;
			baseConfigurationReference = 4EBA7E68DE7AFCB154A1A7F2 /* Pods-ZMNetworkHelper.release.xcconfig */;
			buildSettings = {
				ASSETCATALOG_COMPILER_APPICON_NAME = AppIcon;
				CLANG_ENABLE_MODULES = YES;
				CODE_SIGN_STYLE = Automatic;
				DEVELOPMENT_TEAM = 975BDH8M3G;
				INFOPLIST_FILE = ZMNetworkHelper/Info.plist;
				IPHONEOS_DEPLOYMENT_TARGET = 9.3;
				LD_RUNPATH_SEARCH_PATHS = (
					"$(inherited)",
					"@executable_path/Frameworks",
				);
				PRODUCT_BUNDLE_IDENTIFIER = "Henan-XinKangqiao.ZMNetworkHelper";
				PRODUCT_NAME = "$(TARGET_NAME)";
				SWIFT_OBJC_BRIDGING_HEADER = "ZMNetworkHelper/ZMNetworkHelper-Bridging-Header.h";
				SWIFT_VERSION = 5.0;
				TARGETED_DEVICE_FAMILY = "1,2";
			};
			name = Release;
		};
/* End XCBuildConfiguration section */

/* Begin XCConfigurationList section */
		8555586622B87DE900A24DDD /* Build configuration list for PBXProject "ZMNetworkHelper" */ = {
			isa = XCConfigurationList;
			buildConfigurations = (
				8555587F22B87DEF00A24DDD /* Debug */,
				8555588022B87DEF00A24DDD /* Release */,
			);
			defaultConfigurationIsVisible = 0;
			defaultConfigurationName = Release;
		};
		8555588122B87DEF00A24DDD /* Build configuration list for PBXNativeTarget "ZMNetworkHelper" */ = {
			isa = XCConfigurationList;
			buildConfigurations = (
				8555588222B87DEF00A24DDD /* Debug */,
				8555588322B87DEF00A24DDD /* Release */,
			);
			defaultConfigurationIsVisible = 0;
			defaultConfigurationName = Release;
		};
/* End XCConfigurationList section */
	};
	rootObject = 8555586322B87DE900A24DDD /* Project object */;
}
